# SPDX-License-Identifier: Apache-2.0
# Verified against the official GitHub actions/runner v2.336.0 release page.
RUNNER_VERSION=2.336.0
RUNNER_ARCHIVE=actions-runner-linux-x64-2.336.0.tar.gz
RUNNER_URL=https://github.com/actions/runner/releases/download/v2.336.0/actions-runner-linux-x64-2.336.0.tar.gz
RUNNER_SHA256=04cf0be1aff4c3ec3554466c39124ca250e3effd8873bb7e8d68535aa9505d5d
RUNNER_SIZE=226035903
