# SPDX-License-Identifier: Apache-2.0
schema_version: 1
image: ghcr.io/yinjiayi/openeuler-riscv64-rpmbuild
tag: 24.03-lts-sp3-rva23
# Populated only after build-ci-image publishes the public image and verifies an
# anonymous pull. Package CI intentionally fails closed while this is empty.
digest: "sha256:bd0486925d6f0bbac0cf4000ca65cc212949fd02e4c118b227bae838477e7993"
status: published-public-anonymous-verified
source_repository: https://repo.openeuler.org/openEuler-24.03-LTS-SP3/everything/riscv64/rva23/riscv64/
repomd_sha256: "1e7269d6fa08e8f837e0ead13ad324e7f4ee5569dde6691378a61a806145bc14"
rpm_manifest_sha256: "17ea21d32cd1bc3e5d016be53b7b3ba98e7a1271d0c8b912b1c36971dd44f98a"
containerfile_sha256: "a023f9c4a58585344daa39740b6293dc2c21b20a1ad6ecca5df33d8608aba54d"
built_at: "2026-09-06T05:44:02Z"
qemu_version: "tonistiigi/binfmt:qemu-v9.2.0"
self_test: passed

